{
  "name": "forge-fhevm-std-consumer-esm",
  "version": "1.0.0",
  "lockfileVersion": 3,
  "requires": true,
  "packages": {
    "": {
      "name": "forge-fhevm-std-consumer-esm",
      "version": "1.0.0",
      "dependencies": {
        "@fhevm/forge-std": "file:../../pkg",
        "@fhevm/solidity": "^0.13.3",
        "encrypted-types": "^0.0.4",
        "forge-std": "git+https://github.com/foundry-rs/forge-std.git#v1.11.0"
      },
      "engines": {
        "node": ">=22"
      }
    },
    "node_modules/@fhevm/forge-std": {
      "version": "0.14.0-0",
      "resolved": "file:../../pkg",
      "license": "BSD-3-Clause-Clear",
      "dependencies": {
        "encrypted-types": "^0.0.4"
      }
    },
    "node_modules/@fhevm/solidity": {
      "version": "0.13.3",
      "resolved": "https://registry.npmjs.org/@fhevm/solidity/-/solidity-0.13.3.tgz",
      "integrity": "sha512-Hx4OgEfc7F1pLFeOQMwyPQuk5G5qWmdRXznO5VqRSQy0TQTWAt3ZLgLxDdU3ldqtQxHURfXCx2JgeXX8UbupMQ==",
      "license": "BSD-3-Clause-Clear",
      "dependencies": {
        "encrypted-types": "^0.0.4"
      },
      "engines": {
        "node": ">=20.0.0"
      },
      "optionalDependencies": {
        "solidity-comments-darwin-arm64": "0.1.1",
        "solidity-comments-linux-x64-gnu": "0.1.1"
      }
    },
    "node_modules/encrypted-types": {
      "version": "0.0.4",
      "resolved": "https://registry.npmjs.org/encrypted-types/-/encrypted-types-0.0.4.tgz",
      "integrity": "sha512-f55ccBBUwvqWqr3ymAVOLZ6bzjsSQZlDN0GcKFmzkvTpml4Vm3Y6BCaHhCuW/ctrabTJJ3DFnUsjtFOpokJUaQ==",
      "license": "MIT"
    },
    "node_modules/forge-std": {
      "version": "1.11.0",
      "resolved": "git+ssh://git@github.com/foundry-rs/forge-std.git#8e40513d678f392f398620b3ef2b418648b33e89",
      "license": "(Apache-2.0 OR MIT)"
    },
    "node_modules/solidity-comments-darwin-arm64": {
      "version": "0.1.1",
      "resolved": "https://registry.npmjs.org/solidity-comments-darwin-arm64/-/solidity-comments-darwin-arm64-0.1.1.tgz",
      "integrity": "sha512-ze1+YboHm8tRJXCoFEsxtU1gpvQ3rCH55xMtBH6dtyh1/gz4qrKCOUBaAP+IHplbzCacZBn+Pz3UmMDOoGshRw==",
      "cpu": [
        "arm64"
      ],
      "license": "MIT",
      "optional": true,
      "os": [
        "darwin"
      ],
      "engines": {
        "node": ">= 10"
      }
    },
    "node_modules/solidity-comments-linux-x64-gnu": {
      "version": "0.1.1",
      "resolved": "https://registry.npmjs.org/solidity-comments-linux-x64-gnu/-/solidity-comments-linux-x64-gnu-0.1.1.tgz",
      "integrity": "sha512-oiU4yhh1Q9SeGXQ+/sogfTNoOkU8I8IvlIeotBQziTOonUHrxQk4E63kNiYGPDn5ZbB3BhKFmGHNRNrkufsxcQ==",
      "cpu": [
        "x64"
      ],
      "license": "MIT",
      "optional": true,
      "os": [
        "linux"
      ],
      "engines": {
        "node": ">= 10"
      }
    }
  }
}
