{
  "name": "@fhevm/forge-fhevm-std-dev",
  "version": "0.0.0",
  "lockfileVersion": 3,
  "requires": true,
  "packages": {
    "": {
      "name": "@fhevm/forge-fhevm-std-dev",
      "version": "0.0.0",
      "devDependencies": {
        "@fhevm/solidity": "0.13.3",
        "encrypted-types": "^0.0.4",
        "prettier": "^3.8.3",
        "publint": "^0.2.12"
      },
      "engines": {
        "node": ">=22"
      }
    },
    "node_modules/@fhevm/solidity": {
      "version": "0.13.3",
      "resolved": "https://registry.npmjs.org/@fhevm/solidity/-/solidity-0.13.3.tgz",
      "integrity": "sha512-Hx4OgEfc7F1pLFeOQMwyPQuk5G5qWmdRXznO5VqRSQy0TQTWAt3ZLgLxDdU3ldqtQxHURfXCx2JgeXX8UbupMQ==",
      "dev": true,
      "license": "BSD-3-Clause-Clear",
      "dependencies": {
        "encrypted-types": "^0.0.4"
      },
      "engines": {
        "node": ">=20.0.0"
      },
      "optionalDependencies": {
        "solidity-comments-darwin-arm64": "0.1.1",
        "solidity-comments-linux-x64-gnu": "0.1.1"
      }
    },
    "node_modules/balanced-match": {
      "version": "1.0.2",
      "resolved": "https://registry.npmjs.org/balanced-match/-/balanced-match-1.0.2.tgz",
      "integrity": "sha512-3oSeUO0TMV67hN1AmbXsK4yaqU7tjiHlbxRDZOpH0KW9+CeX4bRAaX0Anxt0tx2MrpRpWwQaPwIlISEJhYU5Pw==",
      "dev": true,
      "license": "MIT"
    },
    "node_modules/brace-expansion": {
      "version": "2.1.4",
      "resolved": "https://registry.npmjs.org/brace-expansion/-/brace-expansion-2.1.4.tgz",
      "integrity": "sha512-hGfVzPxthbf3+2yjg/RBs60cB0FhqBS/zvdV/4wn4/BmN0bNMMHPc4V/BbFieqf1TKAGGAHnY4eSjajCl0f2Xg==",
      "dev": true,
      "license": "MIT",
      "dependencies": {
        "balanced-match": "^1.0.0"
      }
    },
    "node_modules/encrypted-types": {
      "version": "0.0.4",
      "resolved": "https://registry.npmjs.org/encrypted-types/-/encrypted-types-0.0.4.tgz",
      "integrity": "sha512-f55ccBBUwvqWqr3ymAVOLZ6bzjsSQZlDN0GcKFmzkvTpml4Vm3Y6BCaHhCuW/ctrabTJJ3DFnUsjtFOpokJUaQ==",
      "dev": true,
      "license": "MIT"
    },
    "node_modules/fs.realpath": {
      "version": "1.0.0",
      "resolved": "https://registry.npmjs.org/fs.realpath/-/fs.realpath-1.0.0.tgz",
      "integrity": "sha512-OO0pH2lK6a0hZnAdau5ItzHPI6pUlvI7jMVnxUQRtw4owF2wk8lOSabtGDCTP4Ggrg2MbGnWO9X8K1t4+fGMDw==",
      "dev": true,
      "license": "ISC"
    },
    "node_modules/glob": {
      "version": "8.1.0",
      "resolved": "https://registry.npmjs.org/glob/-/glob-8.1.0.tgz",
      "integrity": "sha512-r8hpEjiQEYlF2QU0df3dS+nxxSIreXQS1qRhMJM0Q5NDdR386C7jb7Hwwod8Fgiuex+k0GFjgft18yvxm5XoCQ==",
      "deprecated": "Old versions of glob are not supported, and contain widely publicized security vulnerabilities, which have been fixed in the current version. Please update. Support for old versions may be purchased (at exorbitant rates) by contacting i@izs.me",
      "dev": true,
      "license": "ISC",
      "dependencies": {
        "fs.realpath": "^1.0.0",
        "inflight": "^1.0.4",
        "inherits": "2",
        "minimatch": "^5.0.1",
        "once": "^1.3.0"
      },
      "engines": {
        "node": ">=12"
      },
      "funding": {
        "url": "https://github.com/sponsors/isaacs"
      }
    },
    "node_modules/ignore-walk": {
      "version": "5.0.1",
      "resolved": "https://registry.npmjs.org/ignore-walk/-/ignore-walk-5.0.1.tgz",
      "integrity": "sha512-yemi4pMf51WKT7khInJqAvsIGzoqYXblnsz0ql8tM+yi1EKYTY1evX4NAbJrLL/Aanr2HyZeluqU+Oi7MGHokw==",
      "dev": true,
      "license": "ISC",
      "dependencies": {
        "minimatch": "^5.0.1"
      },
      "engines": {
        "node": "^12.13.0 || ^14.15.0 || >=16.0.0"
      }
    },
    "node_modules/inflight": {
      "version": "1.0.6",
      "resolved": "https://registry.npmjs.org/inflight/-/inflight-1.0.6.tgz",
      "integrity": "sha512-k92I/b08q4wvFscXCLvqfsHCrjrF7yiXsQuIVvVE7N82W3+aqpzuUdBbfhWcy/FZR3/4IgflMgKLOsvPDrGCJA==",
      "deprecated": "This module is not supported, and leaks memory. Do not use it. Check out lru-cache if you want a good and tested way to coalesce async requests by a key value, which is much more comprehensive and powerful.",
      "dev": true,
      "license": "ISC",
      "dependencies": {
        "once": "^1.3.0",
        "wrappy": "1"
      }
    },
    "node_modules/inherits": {
      "version": "2.0.4",
      "resolved": "https://registry.npmjs.org/inherits/-/inherits-2.0.4.tgz",
      "integrity": "sha512-k/vGaX4/Yla3WzyMCvTQOXYeIHvqOKtnqBduzTHpzpQZzAskKMhZ2K+EnBiSM9zGSoIFeMpXKxa4dYeZIQqewQ==",
      "dev": true,
      "license": "ISC"
    },
    "node_modules/minimatch": {
      "version": "5.1.9",
      "resolved": "https://registry.npmjs.org/minimatch/-/minimatch-5.1.9.tgz",
      "integrity": "sha512-7o1wEA2RyMP7Iu7GNba9vc0RWWGACJOCZBJX2GJWip0ikV+wcOsgVuY9uE8CPiyQhkGFSlhuSkZPavN7u1c2Fw==",
      "dev": true,
      "license": "ISC",
      "dependencies": {
        "brace-expansion": "^2.0.1"
      },
      "engines": {
        "node": ">=10"
      }
    },
    "node_modules/mri": {
      "version": "1.2.0",
      "resolved": "https://registry.npmjs.org/mri/-/mri-1.2.0.tgz",
      "integrity": "sha512-tzzskb3bG8LvYGFF/mDTpq3jpI6Q9wc3LEmBaghu+DdCssd1FakN7Bc0hVNmEyGq1bq3RgfkCb3cmQLpNPOroA==",
      "dev": true,
      "license": "MIT",
      "engines": {
        "node": ">=4"
      }
    },
    "node_modules/npm-bundled": {
      "version": "2.0.1",
      "resolved": "https://registry.npmjs.org/npm-bundled/-/npm-bundled-2.0.1.tgz",
      "integrity": "sha512-gZLxXdjEzE/+mOstGDqR6b0EkhJ+kM6fxM6vUuckuctuVPh80Q6pw/rSZj9s4Gex9GxWtIicO1pc8DB9KZWudw==",
      "dev": true,
      "license": "ISC",
      "dependencies": {
        "npm-normalize-package-bin": "^2.0.0"
      },
      "engines": {
        "node": "^12.13.0 || ^14.15.0 || >=16.0.0"
      }
    },
    "node_modules/npm-normalize-package-bin": {
      "version": "2.0.0",
      "resolved": "https://registry.npmjs.org/npm-normalize-package-bin/-/npm-normalize-package-bin-2.0.0.tgz",
      "integrity": "sha512-awzfKUO7v0FscrSpRoogyNm0sajikhBWpU0QMrW09AMi9n1PoKU6WaIqUzuJSQnpciZZmJ/jMZ2Egfmb/9LiWQ==",
      "dev": true,
      "license": "ISC",
      "engines": {
        "node": "^12.13.0 || ^14.15.0 || >=16.0.0"
      }
    },
    "node_modules/npm-packlist": {
      "version": "5.1.3",
      "resolved": "https://registry.npmjs.org/npm-packlist/-/npm-packlist-5.1.3.tgz",
      "integrity": "sha512-263/0NGrn32YFYi4J533qzrQ/krmmrWwhKkzwTuM4f/07ug51odoaNjUexxO4vxlzURHcmYMH1QjvHjsNDKLVg==",
      "dev": true,
      "license": "ISC",
      "dependencies": {
        "glob": "^8.0.1",
        "ignore-walk": "^5.0.1",
        "npm-bundled": "^2.0.0",
        "npm-normalize-package-bin": "^2.0.0"
      },
      "bin": {
        "npm-packlist": "bin/index.js"
      },
      "engines": {
        "node": "^12.13.0 || ^14.15.0 || >=16.0.0"
      }
    },
    "node_modules/once": {
      "version": "1.4.0",
      "resolved": "https://registry.npmjs.org/once/-/once-1.4.0.tgz",
      "integrity": "sha512-lNaJgI+2Q5URQBkccEKHTQOPaXdUxnZZElQTZY0MFUAuaEqe1E+Nyvgdz/aIyNi6Z9MzO5dv1H8n58/GELp3+w==",
      "dev": true,
      "license": "ISC",
      "dependencies": {
        "wrappy": "1"
      }
    },
    "node_modules/picocolors": {
      "version": "1.1.1",
      "resolved": "https://registry.npmjs.org/picocolors/-/picocolors-1.1.1.tgz",
      "integrity": "sha512-xceH2snhtb5M9liqDsmEw56le376mTZkEX/jEb/RxNFyegNul7eNslCXP9FDj/Lcu0X8KEyMceP2ntpaHrDEVA==",
      "dev": true,
      "license": "ISC"
    },
    "node_modules/prettier": {
      "version": "3.9.6",
      "resolved": "https://registry.npmjs.org/prettier/-/prettier-3.9.6.tgz",
      "integrity": "sha512-OpN0zzVdiaiAhxpuuj5efpIS4sY9j7bY6uR5mnj5yPzGkdkjNKSJeUThPb60Jw29QuAZgA4o+/iB49kFiaBX6g==",
      "dev": true,
      "license": "MIT",
      "bin": {
        "prettier": "bin/prettier.cjs"
      },
      "engines": {
        "node": ">=14"
      },
      "funding": {
        "url": "https://github.com/prettier/prettier?sponsor=1"
      }
    },
    "node_modules/publint": {
      "version": "0.2.12",
      "resolved": "https://registry.npmjs.org/publint/-/publint-0.2.12.tgz",
      "integrity": "sha512-YNeUtCVeM4j9nDiTT2OPczmlyzOkIXNtdDZnSuajAxS/nZ6j3t7Vs9SUB4euQNddiltIwu7Tdd3s+hr08fAsMw==",
      "dev": true,
      "license": "MIT",
      "dependencies": {
        "npm-packlist": "^5.1.3",
        "picocolors": "^1.1.1",
        "sade": "^1.8.1"
      },
      "bin": {
        "publint": "lib/cli.js"
      },
      "engines": {
        "node": ">=16"
      },
      "funding": {
        "url": "https://bjornlu.com/sponsor"
      }
    },
    "node_modules/sade": {
      "version": "1.8.1",
      "resolved": "https://registry.npmjs.org/sade/-/sade-1.8.1.tgz",
      "integrity": "sha512-xal3CZX1Xlo/k4ApwCFrHVACi9fBqJ7V+mwhBsuf/1IOKbBy098Fex+Wa/5QMubw09pSZ/u8EY8PWgevJsXp1A==",
      "dev": true,
      "license": "MIT",
      "dependencies": {
        "mri": "^1.1.0"
      },
      "engines": {
        "node": ">=6"
      }
    },
    "node_modules/solidity-comments-darwin-arm64": {
      "version": "0.1.1",
      "resolved": "https://registry.npmjs.org/solidity-comments-darwin-arm64/-/solidity-comments-darwin-arm64-0.1.1.tgz",
      "integrity": "sha512-ze1+YboHm8tRJXCoFEsxtU1gpvQ3rCH55xMtBH6dtyh1/gz4qrKCOUBaAP+IHplbzCacZBn+Pz3UmMDOoGshRw==",
      "cpu": [
        "arm64"
      ],
      "dev": true,
      "license": "MIT",
      "optional": true,
      "os": [
        "darwin"
      ],
      "engines": {
        "node": ">= 10"
      }
    },
    "node_modules/solidity-comments-linux-x64-gnu": {
      "version": "0.1.1",
      "resolved": "https://registry.npmjs.org/solidity-comments-linux-x64-gnu/-/solidity-comments-linux-x64-gnu-0.1.1.tgz",
      "integrity": "sha512-oiU4yhh1Q9SeGXQ+/sogfTNoOkU8I8IvlIeotBQziTOonUHrxQk4E63kNiYGPDn5ZbB3BhKFmGHNRNrkufsxcQ==",
      "cpu": [
        "x64"
      ],
      "dev": true,
      "license": "MIT",
      "optional": true,
      "os": [
        "linux"
      ],
      "engines": {
        "node": ">= 10"
      }
    },
    "node_modules/wrappy": {
      "version": "1.0.2",
      "resolved": "https://registry.npmjs.org/wrappy/-/wrappy-1.0.2.tgz",
      "integrity": "sha512-l4Sp/DRseor9wL6EvV2+TuQn63dMkPjZ/sp9XkghTEbV9KlPS1xUsZ3u7/IQO4wxtcFB4bgpQPRcR3QCvezPcQ==",
      "dev": true,
      "license": "ISC"
    }
  }
}
